// !$*UTF8*$!
{
	archiveVersion = 1;
	classes = {
	};
	objectVersion = 56;
	objects = {

/* Begin PBXBuildFile section */
		E60AEF5B2927FAAF006A4B1C /* AppDelegate.swift in Sources */ = {isa = PBXBuildFile; fileRef = E60AEF5A2927FAAF006A4B1C /* AppDelegate.swift */; };
		E60AEF5D2927FAAF006A4B1C /* SceneDelegate.swift in Sources */ = {isa = PBXBuildFile; fileRef = E60AEF5C2927FAAF006A4B1C /* SceneDelegate.swift */; };
		E60AEF5F2927FAAF006A4B1C /* ViewController.swift in Sources */ = {isa = PBXBuildFile; fileRef = E60AEF5E2927FAAF006A4B1C /* ViewController.swift */; };
		E60AEF622927FAAF006A4B1C /* Main.storyboard in Resources */ = {isa = PBXBuildFile; fileRef = E60AEF602927FAAF006A4B1C /* Main.storyboard */; };
		E60AEF642927FAB2006A4B1C /* Assets.xcassets in Resources */ = {isa = PBXBuildFile; fileRef = E60AEF632927FAB2006A4B1C /* Assets.xcassets */; };
		E60AEF672927FAB2006A4B1C /* LaunchScreen.storyboard in Resources */ = {isa = PBXBuildFile; fileRef = E60AEF652927FAB2006A4B1C /* LaunchScreen.storyboard */; };
		E60AEF722927FAB2006A4B1C /* DogsTests.swift in Sources */ = {isa = PBXBuildFile; fileRef = E60AEF712927FAB2006A4B1C /* DogsTests.swift */; };
		E60AEF7C2927FAB2006A4B1C /* DogsUITests.swift in Sources */ = {isa = PBXBuildFile; fileRef = E60AEF7B2927FAB2006A4B1C /* DogsUITests.swift */; };
		E60AEF7E2927FAB2006A4B1C /* DogsUITestsLaunchTests.swift in Sources */ = {isa = PBXBuildFile; fileRef = E60AEF7D2927FAB2006A4B1C /* DogsUITestsLaunchTests.swift */; };
		E60AEF8E2927FB2D006A4B1C /* DogListViewController.swift in Sources */ = {isa = PBXBuildFile; fileRef = E60AEF8C2927FB2D006A4B1C /* DogListViewController.swift */; };
		E60AEF8F2927FB2D006A4B1C /* DogListViewController.xib in Resources */ = {isa = PBXBuildFile; fileRef = E60AEF8D2927FB2D006A4B1C /* DogListViewController.xib */; };
		E60AEF942927FE69006A4B1C /* DogApi.swift in Sources */ = {isa = PBXBuildFile; fileRef = E60AEF912927FE69006A4B1C /* DogApi.swift */; };
		E60AEF952927FE69006A4B1C /* Dog.swift in Sources */ = {isa = PBXBuildFile; fileRef = E60AEF932927FE69006A4B1C /* Dog.swift */; };
		E60AEF992927FEB6006A4B1C /* DogListTableViewCell.swift in Sources */ = {isa = PBXBuildFile; fileRef = E60AEF972927FEB6006A4B1C /* DogListTableViewCell.swift */; };
		E60AEF9A2927FEB6006A4B1C /* DogListTableViewCell.xib in Resources */ = {isa = PBXBuildFile; fileRef = E60AEF982927FEB6006A4B1C /* DogListTableViewCell.xib */; };
		E60AEFA6292801C9006A4B1C /* DogListPresenter.swift in Sources */ = {isa = PBXBuildFile; fileRef = E60AEFA5292801C9006A4B1C /* DogListPresenter.swift */; };
		E64EBA702928228400B05123 /* UIRefreshControl.swift in Sources */ = {isa = PBXBuildFile; fileRef = E64EBA6F2928228400B05123 /* UIRefreshControl.swift */; };
		E64EBA7A2928260100B05123 /* UIImageView.swift in Sources */ = {isa = PBXBuildFile; fileRef = E64EBA792928260100B05123 /* UIImageView.swift */; };
		E64EBA7C292836E200B05123 /* UIViewController.swift in Sources */ = {isa = PBXBuildFile; fileRef = E64EBA7B292836E200B05123 /* UIViewController.swift */; };
		E64EBA7E29283CCF00B05123 /* String.swift in Sources */ = {isa = PBXBuildFile; fileRef = E64EBA7D29283CCF00B05123 /* String.swift */; };
		E67F884729280A1A003D7BC3 /* ImageLoader.swift in Sources */ = {isa = PBXBuildFile; fileRef = E67F884629280A19003D7BC3 /* ImageLoader.swift */; };
		E67F884929280CA8003D7BC3 /* DogListPresenterProtocol.swift in Sources */ = {isa = PBXBuildFile; fileRef = E67F884829280CA8003D7BC3 /* DogListPresenterProtocol.swift */; };
		E67F884D29280F56003D7BC3 /* DogDetailViewController.swift in Sources */ = {isa = PBXBuildFile; fileRef = E67F884B29280F56003D7BC3 /* DogDetailViewController.swift */; };
		E67F884E29280F56003D7BC3 /* DogDetailViewController.xib in Resources */ = {isa = PBXBuildFile; fileRef = E67F884C29280F56003D7BC3 /* DogDetailViewController.xib */; };
		E67F88502928173D003D7BC3 /* DogDetailPresenter.swift in Sources */ = {isa = PBXBuildFile; fileRef = E67F884F2928173D003D7BC3 /* DogDetailPresenter.swift */; };
		E67F885329281757003D7BC3 /* DogDetailPresenterProtocol.swift in Sources */ = {isa = PBXBuildFile; fileRef = E67F885229281757003D7BC3 /* DogDetailPresenterProtocol.swift */; };
/* End PBXBuildFile section */

/* Begin PBXContainerItemProxy section */
		E60AEF6E2927FAB2006A4B1C /* PBXContainerItemProxy */ = {
			isa = PBXContainerItemProxy;
			containerPortal = E60AEF4F2927FAAF006A4B1C /* Project object */;
			proxyType = 1;
			remoteGlobalIDString = E60AEF562927FAAF006A4B1C;
			remoteInfo = Dogs;
		};
		E60AEF782927FAB2006A4B1C /* PBXContainerItemProxy */ = {
			isa = PBXContainerItemProxy;
			containerPortal = E60AEF4F2927FAAF006A4B1C /* Project object */;
			proxyType = 1;
			remoteGlobalIDString = E60AEF562927FAAF006A4B1C;
			remoteInfo = Dogs;
		};
/* End PBXContainerItemProxy section */

/* Begin PBXFileReference section */
		E60AEF572927FAAF006A4B1C /* Dogs.app */ = {isa = PBXFileReference; explicitFileType = wrapper.application; includeInIndex = 0; path = Dogs.app; sourceTree = BUILT_PRODUCTS_DIR; };
		E60AEF5A2927FAAF006A4B1C /* AppDelegate.swift */ = {isa = PBXFileReference; lastKnownFileType = sourcecode.swift; path = AppDelegate.swift; sourceTree = "<group>"; };
		E60AEF5C2927FAAF006A4B1C /* SceneDelegate.swift */ = {isa = PBXFileReference; lastKnownFileType = sourcecode.swift; path = SceneDelegate.swift; sourceTree = "<group>"; };
		E60AEF5E2927FAAF006A4B1C /* ViewController.swift */ = {isa = PBXFileReference; lastKnownFileType = sourcecode.swift; path = ViewController.swift; sourceTree = "<group>"; };
		E60AEF612927FAAF006A4B1C /* Base */ = {isa = PBXFileReference; lastKnownFileType = file.storyboard; name = Base; path = Base.lproj/Main.storyboard; sourceTree = "<group>"; };
		E60AEF632927FAB2006A4B1C /* Assets.xcassets */ = {isa = PBXFileReference; lastKnownFileType = folder.assetcatalog; path = Assets.xcassets; sourceTree = "<group>"; };
		E60AEF662927FAB2006A4B1C /* Base */ = {isa = PBXFileReference; lastKnownFileType = file.storyboard; name = Base; path = Base.lproj/LaunchScreen.storyboard; sourceTree = "<group>"; };
		E60AEF682927FAB2006A4B1C /* Info.plist */ = {isa = PBXFileReference; lastKnownFileType = text.plist.xml; path = Info.plist; sourceTree = "<group>"; };
		E60AEF6D2927FAB2006A4B1C /* DogsTests.xctest */ = {isa = PBXFileReference; explicitFileType = wrapper.cfbundle; includeInIndex = 0; path = DogsTests.xctest; sourceTree = BUILT_PRODUCTS_DIR; };
		E60AEF712927FAB2006A4B1C /* DogsTests.swift */ = {isa = PBXFileReference; lastKnownFileType = sourcecode.swift; path = DogsTests.swift; sourceTree = "<group>"; };
		E60AEF772927FAB2006A4B1C /* DogsUITests.xctest */ = {isa = PBXFileReference; explicitFileType = wrapper.cfbundle; includeInIndex = 0; path = DogsUITests.xctest; sourceTree = BUILT_PRODUCTS_DIR; };
		E60AEF7B2927FAB2006A4B1C /* DogsUITests.swift */ = {isa = PBXFileReference; lastKnownFileType = sourcecode.swift; path = DogsUITests.swift; sourceTree = "<group>"; };
		E60AEF7D2927FAB2006A4B1C /* DogsUITestsLaunchTests.swift */ = {isa = PBXFileReference; lastKnownFileType = sourcecode.swift; path = DogsUITestsLaunchTests.swift; sourceTree = "<group>"; };
		E60AEF8C2927FB2D006A4B1C /* DogListViewController.swift */ = {isa = PBXFileReference; lastKnownFileType = sourcecode.swift; path = DogListViewController.swift; sourceTree = "<group>"; };
		E60AEF8D2927FB2D006A4B1C /* DogListViewController.xib */ = {isa = PBXFileReference; lastKnownFileType = file.xib; path = DogListViewController.xib; sourceTree = "<group>"; };
		E60AEF912927FE69006A4B1C /* DogApi.swift */ = {isa = PBXFileReference; fileEncoding = 4; lastKnownFileType = sourcecode.swift; path = DogApi.swift; sourceTree = "<group>"; };
		E60AEF932927FE69006A4B1C /* Dog.swift */ = {isa = PBXFileReference; fileEncoding = 4; lastKnownFileType = sourcecode.swift; path = Dog.swift; sourceTree = "<group>"; };
		E60AEF972927FEB6006A4B1C /* DogListTableViewCell.swift */ = {isa = PBXFileReference; lastKnownFileType = sourcecode.swift; path = DogListTableViewCell.swift; sourceTree = "<group>"; };
		E60AEF982927FEB6006A4B1C /* DogListTableViewCell.xib */ = {isa = PBXFileReference; lastKnownFileType = file.xib; path = DogListTableViewCell.xib; sourceTree = "<group>"; };
		E60AEFA5292801C9006A4B1C /* DogListPresenter.swift */ = {isa = PBXFileReference; lastKnownFileType = sourcecode.swift; path = DogListPresenter.swift; sourceTree = "<group>"; };
		E64EBA6F2928228400B05123 /* UIRefreshControl.swift */ = {isa = PBXFileReference; lastKnownFileType = sourcecode.swift; path = UIRefreshControl.swift; sourceTree = "<group>"; };
		E64EBA792928260100B05123 /* UIImageView.swift */ = {isa = PBXFileReference; lastKnownFileType = sourcecode.swift; path = UIImageView.swift; sourceTree = "<group>"; };
		E64EBA7B292836E200B05123 /* UIViewController.swift */ = {isa = PBXFileReference; lastKnownFileType = sourcecode.swift; path = UIViewController.swift; sourceTree = "<group>"; };
		E64EBA7D29283CCF00B05123 /* String.swift */ = {isa = PBXFileReference; lastKnownFileType = sourcecode.swift; path = String.swift; sourceTree = "<group>"; };
		E67F884629280A19003D7BC3 /* ImageLoader.swift */ = {isa = PBXFileReference; lastKnownFileType = sourcecode.swift; path = ImageLoader.swift; sourceTree = "<group>"; };
		E67F884829280CA8003D7BC3 /* DogListPresenterProtocol.swift */ = {isa = PBXFileReference; lastKnownFileType = sourcecode.swift; path = DogListPresenterProtocol.swift; sourceTree = "<group>"; };
		E67F884B29280F56003D7BC3 /* DogDetailViewController.swift */ = {isa = PBXFileReference; lastKnownFileType = sourcecode.swift; path = DogDetailViewController.swift; sourceTree = "<group>"; };
		E67F884C29280F56003D7BC3 /* DogDetailViewController.xib */ = {isa = PBXFileReference; lastKnownFileType = file.xib; path = DogDetailViewController.xib; sourceTree = "<group>"; };
		E67F884F2928173D003D7BC3 /* DogDetailPresenter.swift */ = {isa = PBXFileReference; lastKnownFileType = sourcecode.swift; path = DogDetailPresenter.swift; sourceTree = "<group>"; };
		E67F885229281757003D7BC3 /* DogDetailPresenterProtocol.swift */ = {isa = PBXFileReference; lastKnownFileType = sourcecode.swift; path = DogDetailPresenterProtocol.swift; sourceTree = "<group>"; };
/* End PBXFileReference section */

/* Begin PBXFrameworksBuildPhase section */
		E60AEF542927FAAF006A4B1C /* Frameworks */ = {
			isa = PBXFrameworksBuildPhase;
			buildActionMask = 2147483647;
			files = (
			);
			runOnlyForDeploymentPostprocessing = 0;
		};
		E60AEF6A2927FAB2006A4B1C /* Frameworks */ = {
			isa = PBXFrameworksBuildPhase;
			buildActionMask = 2147483647;
			files = (
			);
			runOnlyForDeploymentPostprocessing = 0;
		};
		E60AEF742927FAB2006A4B1C /* Frameworks */ = {
			isa = PBXFrameworksBuildPhase;
			buildActionMask = 2147483647;
			files = (
			);
			runOnlyForDeploymentPostprocessing = 0;
		};
/* End PBXFrameworksBuildPhase section */

/* Begin PBXGroup section */
		E60AEF4E2927FAAF006A4B1C = {
			isa = PBXGroup;
			children = (
				E60AEF592927FAAF006A4B1C /* Dogs */,
				E60AEF702927FAB2006A4B1C /* DogsTests */,
				E60AEF7A2927FAB2006A4B1C /* DogsUITests */,
				E60AEF582927FAAF006A4B1C /* Products */,
			);
			sourceTree = "<group>";
		};
		E60AEF582927FAAF006A4B1C /* Products */ = {
			isa = PBXGroup;
			children = (
				E60AEF572927FAAF006A4B1C /* Dogs.app */,
				E60AEF6D2927FAB2006A4B1C /* DogsTests.xctest */,
				E60AEF772927FAB2006A4B1C /* DogsUITests.xctest */,
			);
			name = Products;
			sourceTree = "<group>";
		};
		E60AEF592927FAAF006A4B1C /* Dogs */ = {
			isa = PBXGroup;
			children = (
				E64EBA6E2928227100B05123 /* Extensions */,
				E60AEF922927FE69006A4B1C /* Models */,
				E60AEF902927FE69006A4B1C /* Repository */,
				E60AEF8B2927FB0A006A4B1C /* DogDetail */,
				E60AEF8A2927FAFF006A4B1C /* DogList */,
				E60AEF5A2927FAAF006A4B1C /* AppDelegate.swift */,
				E60AEF5C2927FAAF006A4B1C /* SceneDelegate.swift */,
				E60AEF5E2927FAAF006A4B1C /* ViewController.swift */,
				E60AEF602927FAAF006A4B1C /* Main.storyboard */,
				E60AEF632927FAB2006A4B1C /* Assets.xcassets */,
				E60AEF652927FAB2006A4B1C /* LaunchScreen.storyboard */,
				E60AEF682927FAB2006A4B1C /* Info.plist */,
			);
			path = Dogs;
			sourceTree = "<group>";
		};
		E60AEF702927FAB2006A4B1C /* DogsTests */ = {
			isa = PBXGroup;
			children = (
				E60AEF712927FAB2006A4B1C /* DogsTests.swift */,
			);
			path = DogsTests;
			sourceTree = "<group>";
		};
		E60AEF7A2927FAB2006A4B1C /* DogsUITests */ = {
			isa = PBXGroup;
			children = (
				E60AEF7B2927FAB2006A4B1C /* DogsUITests.swift */,
				E60AEF7D2927FAB2006A4B1C /* DogsUITestsLaunchTests.swift */,
			);
			path = DogsUITests;
			sourceTree = "<group>";
		};
		E60AEF8A2927FAFF006A4B1C /* DogList */ = {
			isa = PBXGroup;
			children = (
				E60AEFA3292801B2006A4B1C /* presenter */,
				E60AEF962927FE8D006A4B1C /* views */,
			);
			path = DogList;
			sourceTree = "<group>";
		};
		E60AEF8B2927FB0A006A4B1C /* DogDetail */ = {
			isa = PBXGroup;
			children = (
				E67F885129281740003D7BC3 /* presenter */,
				E67F884A29280F0C003D7BC3 /* views */,
			);
			path = DogDetail;
			sourceTree = "<group>";
		};
		E60AEF902927FE69006A4B1C /* Repository */ = {
			isa = PBXGroup;
			children = (
				E67F884629280A19003D7BC3 /* ImageLoader.swift */,
				E60AEF912927FE69006A4B1C /* DogApi.swift */,
			);
			path = Repository;
			sourceTree = "<group>";
		};
		E60AEF922927FE69006A4B1C /* Models */ = {
			isa = PBXGroup;
			children = (
				E60AEF932927FE69006A4B1C /* Dog.swift */,
			);
			path = Models;
			sourceTree = "<group>";
		};
		E60AEF962927FE8D006A4B1C /* views */ = {
			isa = PBXGroup;
			children = (
				E60AEF8C2927FB2D006A4B1C /* DogListViewController.swift */,
				E60AEF8D2927FB2D006A4B1C /* DogListViewController.xib */,
				E60AEF972927FEB6006A4B1C /* DogListTableViewCell.swift */,
				E60AEF982927FEB6006A4B1C /* DogListTableViewCell.xib */,
			);
			path = views;
			sourceTree = "<group>";
		};
		E60AEFA3292801B2006A4B1C /* presenter */ = {
			isa = PBXGroup;
			children = (
				E60AEFA5292801C9006A4B1C /* DogListPresenter.swift */,
				E67F884829280CA8003D7BC3 /* DogListPresenterProtocol.swift */,
			);
			path = presenter;
			sourceTree = "<group>";
		};
		E64EBA6E2928227100B05123 /* Extensions */ = {
			isa = PBXGroup;
			children = (
				E64EBA6F2928228400B05123 /* UIRefreshControl.swift */,
				E64EBA792928260100B05123 /* UIImageView.swift */,
				E64EBA7B292836E200B05123 /* UIViewController.swift */,
				E64EBA7D29283CCF00B05123 /* String.swift */,
			);
			path = Extensions;
			sourceTree = "<group>";
		};
		E67F884A29280F0C003D7BC3 /* views */ = {
			isa = PBXGroup;
			children = (
				E67F884B29280F56003D7BC3 /* DogDetailViewController.swift */,
				E67F884C29280F56003D7BC3 /* DogDetailViewController.xib */,
			);
			path = views;
			sourceTree = "<group>";
		};
		E67F885129281740003D7BC3 /* presenter */ = {
			isa = PBXGroup;
			children = (
				E67F884F2928173D003D7BC3 /* DogDetailPresenter.swift */,
				E67F885229281757003D7BC3 /* DogDetailPresenterProtocol.swift */,
			);
			path = presenter;
			sourceTree = "<group>";
		};
/* End PBXGroup section */

/* Begin PBXNativeTarget section */
		E60AEF562927FAAF006A4B1C /* Dogs */ = {
			isa = PBXNativeTarget;
			buildConfigurationList = E60AEF812927FAB2006A4B1C /* Build configuration list for PBXNativeTarget "Dogs" */;
			buildPhases = (
				E60AEF532927FAAF006A4B1C /* Sources */,
				E60AEF542927FAAF006A4B1C /* Frameworks */,
				E60AEF552927FAAF006A4B1C /* Resources */,
			);
			buildRules = (
			);
			dependencies = (
			);
			name = Dogs;
			productName = Dogs;
			productReference = E60AEF572927FAAF006A4B1C /* Dogs.app */;
			productType = "com.apple.product-type.application";
		};
		E60AEF6C2927FAB2006A4B1C /* DogsTests */ = {
			isa = PBXNativeTarget;
			buildConfigurationList = E60AEF842927FAB2006A4B1C /* Build configuration list for PBXNativeTarget "DogsTests" */;
			buildPhases = (
				E60AEF692927FAB2006A4B1C /* Sources */,
				E60AEF6A2927FAB2006A4B1C /* Frameworks */,
				E60AEF6B2927FAB2006A4B1C /* Resources */,
			);
			buildRules = (
			);
			dependencies = (
				E60AEF6F2927FAB2006A4B1C /* PBXTargetDependency */,
			);
			name = DogsTests;
			productName = DogsTests;
			productReference = E60AEF6D2927FAB2006A4B1C /* DogsTests.xctest */;
			productType = "com.apple.product-type.bundle.unit-test";
		};
		E60AEF762927FAB2006A4B1C /* DogsUITests */ = {
			isa = PBXNativeTarget;
			buildConfigurationList = E60AEF872927FAB2006A4B1C /* Build configuration list for PBXNativeTarget "DogsUITests" */;
			buildPhases = (
				E60AEF732927FAB2006A4B1C /* Sources */,
				E60AEF742927FAB2006A4B1C /* Frameworks */,
				E60AEF752927FAB2006A4B1C /* Resources */,
			);
			buildRules = (
			);
			dependencies = (
				E60AEF792927FAB2006A4B1C /* PBXTargetDependency */,
			);
			name = DogsUITests;
			productName = DogsUITests;
			productReference = E60AEF772927FAB2006A4B1C /* DogsUITests.xctest */;
			productType = "com.apple.product-type.bundle.ui-testing";
		};
/* End PBXNativeTarget section */

/* Begin PBXProject section */
		E60AEF4F2927FAAF006A4B1C /* Project object */ = {
			isa = PBXProject;
			attributes = {
				BuildIndependentTargetsInParallel = 1;
				LastSwiftUpdateCheck = 1400;
				LastUpgradeCheck = 1400;
				TargetAttributes = {
					E60AEF562927FAAF006A4B1C = {
						CreatedOnToolsVersion = 14.0;
					};
					E60AEF6C2927FAB2006A4B1C = {
						CreatedOnToolsVersion = 14.0;
						TestTargetID = E60AEF562927FAAF006A4B1C;
					};
					E60AEF762927FAB2006A4B1C = {
						CreatedOnToolsVersion = 14.0;
						TestTargetID = E60AEF562927FAAF006A4B1C;
					};
				};
			};
			buildConfigurationList = E60AEF522927FAAF006A4B1C /* Build configuration list for PBXProject "Dogs" */;
			compatibilityVersion = "Xcode 14.0";
			developmentRegion = en;
			hasScannedForEncodings = 0;
			knownRegions = (
				en,
				Base,
			);
			mainGroup = E60AEF4E2927FAAF006A4B1C;
			productRefGroup = E60AEF582927FAAF006A4B1C /* Products */;
			projectDirPath = "";
			projectRoot = "";
			targets = (
				E60AEF562927FAAF006A4B1C /* Dogs */,
				E60AEF6C2927FAB2006A4B1C /* DogsTests */,
				E60AEF762927FAB2006A4B1C /* DogsUITests */,
			);
		};
/* End PBXProject section */

/* Begin PBXResourcesBuildPhase section */
		E60AEF552927FAAF006A4B1C /* Resources */ = {
			isa = PBXResourcesBuildPhase;
			buildActionMask = 2147483647;
			files = (
				E67F884E29280F56003D7BC3 /* DogDetailViewController.xib in Resources */,
				E60AEF672927FAB2006A4B1C /* LaunchScreen.storyboard in Resources */,
				E60AEF642927FAB2006A4B1C /* Assets.xcassets in Resources */,
				E60AEF622927FAAF006A4B1C /* Main.storyboard in Resources */,
				E60AEF9A2927FEB6006A4B1C /* DogListTableViewCell.xib in Resources */,
				E60AEF8F2927FB2D006A4B1C /* DogListViewController.xib in Resources */,
			);
			runOnlyForDeploymentPostprocessing = 0;
		};
		E60AEF6B2927FAB2006A4B1C /* Resources */ = {
			isa = PBXResourcesBuildPhase;
			buildActionMask = 2147483647;
			files = (
			);
			runOnlyForDeploymentPostprocessing = 0;
		};
		E60AEF752927FAB2006A4B1C /* Resources */ = {
			isa = PBXResourcesBuildPhase;
			buildActionMask = 2147483647;
			files = (
			);
			runOnlyForDeploymentPostprocessing = 0;
		};
/* End PBXResourcesBuildPhase section */

/* Begin PBXSourcesBuildPhase section */
		E60AEF532927FAAF006A4B1C /* Sources */ = {
			isa = PBXSourcesBuildPhase;
			buildActionMask = 2147483647;
			files = (
				E67F88502928173D003D7BC3 /* DogDetailPresenter.swift in Sources */,
				E64EBA7A2928260100B05123 /* UIImageView.swift in Sources */,
				E60AEF5F2927FAAF006A4B1C /* ViewController.swift in Sources */,
				E60AEF5B2927FAAF006A4B1C /* AppDelegate.swift in Sources */,
				E60AEF992927FEB6006A4B1C /* DogListTableViewCell.swift in Sources */,
				E60AEF952927FE69006A4B1C /* Dog.swift in Sources */,
				E60AEF942927FE69006A4B1C /* DogApi.swift in Sources */,
				E67F884729280A1A003D7BC3 /* ImageLoader.swift in Sources */,
				E64EBA702928228400B05123 /* UIRefreshControl.swift in Sources */,
				E60AEF5D2927FAAF006A4B1C /* SceneDelegate.swift in Sources */,
				E67F884929280CA8003D7BC3 /* DogListPresenterProtocol.swift in Sources */,
				E60AEF8E2927FB2D006A4B1C /* DogListViewController.swift in Sources */,
				E60AEFA6292801C9006A4B1C /* DogListPresenter.swift in Sources */,
				E67F884D29280F56003D7BC3 /* DogDetailViewController.swift in Sources */,
				E64EBA7E29283CCF00B05123 /* String.swift in Sources */,
				E64EBA7C292836E200B05123 /* UIViewController.swift in Sources */,
				E67F885329281757003D7BC3 /* DogDetailPresenterProtocol.swift in Sources */,
			);
			runOnlyForDeploymentPostprocessing = 0;
		};
		E60AEF692927FAB2006A4B1C /* Sources */ = {
			isa = PBXSourcesBuildPhase;
			buildActionMask = 2147483647;
			files = (
				E60AEF722927FAB2006A4B1C /* DogsTests.swift in Sources */,
			);
			runOnlyForDeploymentPostprocessing = 0;
		};
		E60AEF732927FAB2006A4B1C /* Sources */ = {
			isa = PBXSourcesBuildPhase;
			buildActionMask = 2147483647;
			files = (
				E60AEF7C2927FAB2006A4B1C /* DogsUITests.swift in Sources */,
				E60AEF7E2927FAB2006A4B1C /* DogsUITestsLaunchTests.swift in Sources */,
			);
			runOnlyForDeploymentPostprocessing = 0;
		};
/* End PBXSourcesBuildPhase section */

/* Begin PBXTargetDependency section */
		E60AEF6F2927FAB2006A4B1C /* PBXTargetDependency */ = {
			isa = PBXTargetDependency;
			target = E60AEF562927FAAF006A4B1C /* Dogs */;
			targetProxy = E60AEF6E2927FAB2006A4B1C /* PBXContainerItemProxy */;
		};
		E60AEF792927FAB2006A4B1C /* PBXTargetDependency */ = {
			isa = PBXTargetDependency;
			target = E60AEF562927FAAF006A4B1C /* Dogs */;
			targetProxy = E60AEF782927FAB2006A4B1C /* PBXContainerItemProxy */;
		};
/* End PBXTargetDependency section */

/* Begin PBXVariantGroup section */
		E60AEF602927FAAF006A4B1C /* Main.storyboard */ = {
			isa = PBXVariantGroup;
			children = (
				E60AEF612927FAAF006A4B1C /* Base */,
			);
			name = Main.storyboard;
			sourceTree = "<group>";
		};
		E60AEF652927FAB2006A4B1C /* LaunchScreen.storyboard */ = {
			isa = PBXVariantGroup;
			children = (
				E60AEF662927FAB2006A4B1C /* Base */,
			);
			name = LaunchScreen.storyboard;
			sourceTree = "<group>";
		};
/* End PBXVariantGroup section */

/* Begin XCBuildConfiguration section */
		E60AEF7F2927FAB2006A4B1C /* Debug */ = {
			isa = XCBuildConfiguration;
			buildSettings = {
				ALWAYS_SEARCH_USER_PATHS = NO;
				CLANG_ANALYZER_NONNULL = YES;
				CLANG_ANALYZER_NUMBER_OBJECT_CONVERSION = YES_AGGRESSIVE;
				CLANG_CXX_LANGUAGE_STANDARD = "gnu++20";
				CLANG_ENABLE_MODULES = YES;
				CLANG_ENABLE_OBJC_ARC = YES;
				CLANG_ENABLE_OBJC_WEAK = YES;
				CLANG_WARN_BLOCK_CAPTURE_AUTORELEASING = YES;
				CLANG_WARN_BOOL_CONVERSION = YES;
				CLANG_WARN_COMMA = YES;
				CLANG_WARN_CONSTANT_CONVERSION = YES;
				CLANG_WARN_DEPRECATED_OBJC_IMPLEMENTATIONS = YES;
				CLANG_WARN_DIRECT_OBJC_ISA_USAGE = YES_ERROR;
				CLANG_WARN_DOCUMENTATION_COMMENTS = YES;
				CLANG_WARN_EMPTY_BODY = YES;
				CLANG_WARN_ENUM_CONVERSION = YES;
				CLANG_WARN_INFINITE_RECURSION = YES;
				CLANG_WARN_INT_CONVERSION = YES;
				CLANG_WARN_NON_LITERAL_NULL_CONVERSION = YES;
				CLANG_WARN_OBJC_IMPLICIT_RETAIN_SELF = YES;
				CLANG_WARN_OBJC_LITERAL_CONVERSION = YES;
				CLANG_WARN_OBJC_ROOT_CLASS = YES_ERROR;
				CLANG_WARN_QUOTED_INCLUDE_IN_FRAMEWORK_HEADER = YES;
				CLANG_WARN_RANGE_LOOP_ANALYSIS = YES;
				CLANG_WARN_STRICT_PROTOTYPES = YES;
				CLANG_WARN_SUSPICIOUS_MOVE = YES;
				CLANG_WARN_UNGUARDED_AVAILABILITY = YES_AGGRESSIVE;
				CLANG_WARN_UNREACHABLE_CODE = YES;
				CLANG_WARN__DUPLICATE_METHOD_MATCH = YES;
				COPY_PHASE_STRIP = NO;
				DEBUG_INFORMATION_FORMAT = dwarf;
				ENABLE_STRICT_OBJC_MSGSEND = YES;
				ENABLE_TESTABILITY = YES;
				GCC_C_LANGUAGE_STANDARD = gnu11;
				GCC_DYNAMIC_NO_PIC = NO;
				GCC_NO_COMMON_BLOCKS = YES;
				GCC_OPTIMIZATION_LEVEL = 0;
				GCC_PREPROCESSOR_DEFINITIONS = (
					"DEBUG=1",
					"$(inherited)",
				);
				GCC_WARN_64_TO_32_BIT_CONVERSION = YES;
				GCC_WARN_ABOUT_RETURN_TYPE = YES_ERROR;
				GCC_WARN_UNDECLARED_SELECTOR = YES;
				GCC_WARN_UNINITIALIZED_AUTOS = YES_AGGRESSIVE;
				GCC_WARN_UNUSED_FUNCTION = YES;
				GCC_WARN_UNUSED_VARIABLE = YES;
				IPHONEOS_DEPLOYMENT_TARGET = 16.0;
				MTL_ENABLE_DEBUG_INFO = INCLUDE_SOURCE;
				MTL_FAST_MATH = YES;
				ONLY_ACTIVE_ARCH = YES;
				SDKROOT = iphoneos;
				SWIFT_ACTIVE_COMPILATION_CONDITIONS = DEBUG;
				SWIFT_OPTIMIZATION_LEVEL = "-Onone";
			};
			name = Debug;
		};
		E60AEF802927FAB2006A4B1C /* Release */ = {
			isa = XCBuildConfiguration;
			buildSettings = {
				ALWAYS_SEARCH_USER_PATHS = NO;
				CLANG_ANALYZER_NONNULL = YES;
				CLANG_ANALYZER_NUMBER_OBJECT_CONVERSION = YES_AGGRESSIVE;
				CLANG_CXX_LANGUAGE_STANDARD = "gnu++20";
				CLANG_ENABLE_MODULES = YES;
				CLANG_ENABLE_OBJC_ARC = YES;
				CLANG_ENABLE_OBJC_WEAK = YES;
				CLANG_WARN_BLOCK_CAPTURE_AUTORELEASING = YES;
				CLANG_WARN_BOOL_CONVERSION = YES;
				CLANG_WARN_COMMA = YES;
				CLANG_WARN_CONSTANT_CONVERSION = YES;
				CLANG_WARN_DEPRECATED_OBJC_IMPLEMENTATIONS = YES;
				CLANG_WARN_DIRECT_OBJC_ISA_USAGE = YES_ERROR;
				CLANG_WARN_DOCUMENTATION_COMMENTS = YES;
				CLANG_WARN_EMPTY_BODY = YES;
				CLANG_WARN_ENUM_CONVERSION = YES;
				CLANG_WARN_INFINITE_RECURSION = YES;
				CLANG_WARN_INT_CONVERSION = YES;
				CLANG_WARN_NON_LITERAL_NULL_CONVERSION = YES;
				CLANG_WARN_OBJC_IMPLICIT_RETAIN_SELF = YES;
				CLANG_WARN_OBJC_LITERAL_CONVERSION = YES;
				CLANG_WARN_OBJC_ROOT_CLASS = YES_ERROR;
				CLANG_WARN_QUOTED_INCLUDE_IN_FRAMEWORK_HEADER = YES;
				CLANG_WARN_RANGE_LOOP_ANALYSIS = YES;
				CLANG_WARN_STRICT_PROTOTYPES = YES;
				CLANG_WARN_SUSPICIOUS_MOVE = YES;
				CLANG_WARN_UNGUARDED_AVAILABILITY = YES_AGGRESSIVE;
				CLANG_WARN_UNREACHABLE_CODE = YES;
				CLANG_WARN__DUPLICATE_METHOD_MATCH = YES;
				COPY_PHASE_STRIP = NO;
				DEBUG_INFORMATION_FORMAT = "dwarf-with-dsym";
				ENABLE_NS_ASSERTIONS = NO;
				ENABLE_STRICT_OBJC_MSGSEND = YES;
				GCC_C_LANGUAGE_STANDARD = gnu11;
				GCC_NO_COMMON_BLOCKS = YES;
				GCC_WARN_64_TO_32_BIT_CONVERSION = YES;
				GCC_WARN_ABOUT_RETURN_TYPE = YES_ERROR;
				GCC_WARN_UNDECLARED_SELECTOR = YES;
				GCC_WARN_UNINITIALIZED_AUTOS = YES_AGGRESSIVE;
				GCC_WARN_UNUSED_FUNCTION = YES;
				GCC_WARN_UNUSED_VARIABLE = YES;
				IPHONEOS_DEPLOYMENT_TARGET = 16.0;
				MTL_ENABLE_DEBUG_INFO = NO;
				MTL_FAST_MATH = YES;
				SDKROOT = iphoneos;
				SWIFT_COMPILATION_MODE = wholemodule;
				SWIFT_OPTIMIZATION_LEVEL = "-O";
				VALIDATE_PRODUCT = YES;
			};
			name = Release;
		};
		E60AEF822927FAB2006A4B1C /* Debug */ = {
			isa = XCBuildConfiguration;
			buildSettings = {
				ASSETCATALOG_COMPILER_APPICON_NAME = AppIcon;
				ASSETCATALOG_COMPILER_GLOBAL_ACCENT_COLOR_NAME = AccentColor;
				CODE_SIGN_STYLE = Automatic;
				CURRENT_PROJECT_VERSION = 1;
				DEVELOPMENT_TEAM = "";
				GENERATE_INFOPLIST_FILE = YES;
				INFOPLIST_FILE = Dogs/Info.plist;
				INFOPLIST_KEY_UIApplicationSupportsIndirectInputEvents = YES;
				INFOPLIST_KEY_UILaunchStoryboardName = LaunchScreen;
				INFOPLIST_KEY_UIMainStoryboardFile = Main;
				INFOPLIST_KEY_UISupportedInterfaceOrientations = UIInterfaceOrientationPortrait;
				IPHONEOS_DEPLOYMENT_TARGET = 13.0;
				LD_RUNPATH_SEARCH_PATHS = (
					"$(inherited)",
					"@executable_path/Frameworks",
				);
				MARKETING_VERSION = 1.0;
				PRODUCT_BUNDLE_IDENTIFIER = com.anthony.Dogs;
				PRODUCT_NAME = "$(TARGET_NAME)";
				SWIFT_EMIT_LOC_STRINGS = YES;
				SWIFT_VERSION = 5.0;
				TARGETED_DEVICE_FAMILY = 1;
			};
			name = Debug;
		};
		E60AEF832927FAB2006A4B1C /* Release */ = {
			isa = XCBuildConfiguration;
			buildSettings = {
				ASSETCATALOG_COMPILER_APPICON_NAME = AppIcon;
				ASSETCATALOG_COMPILER_GLOBAL_ACCENT_COLOR_NAME = AccentColor;
				CODE_SIGN_STYLE = Automatic;
				CURRENT_PROJECT_VERSION = 1;
				DEVELOPMENT_TEAM = "";
				GENERATE_INFOPLIST_FILE = YES;
				INFOPLIST_FILE = Dogs/Info.plist;
				INFOPLIST_KEY_UIApplicationSupportsIndirectInputEvents = YES;
				INFOPLIST_KEY_UILaunchStoryboardName = LaunchScreen;
				INFOPLIST_KEY_UIMainStoryboardFile = Main;
				INFOPLIST_KEY_UISupportedInterfaceOrientations = UIInterfaceOrientationPortrait;
				IPHONEOS_DEPLOYMENT_TARGET = 13.0;
				LD_RUNPATH_SEARCH_PATHS = (
					"$(inherited)",
					"@executable_path/Frameworks",
				);
				MARKETING_VERSION = 1.0;
				PRODUCT_BUNDLE_IDENTIFIER = com.anthony.Dogs;
				PRODUCT_NAME = "$(TARGET_NAME)";
				SWIFT_EMIT_LOC_STRINGS = YES;
				SWIFT_VERSION = 5.0;
				TARGETED_DEVICE_FAMILY = 1;
			};
			name = Release;
		};
		E60AEF852927FAB2006A4B1C /* Debug */ = {
			isa = XCBuildConfiguration;
			buildSettings = {
				ALWAYS_EMBED_SWIFT_STANDARD_LIBRARIES = YES;
				BUNDLE_LOADER = "$(TEST_HOST)";
				CODE_SIGN_STYLE = Automatic;
				CURRENT_PROJECT_VERSION = 1;
				DEVELOPMENT_TEAM = E3FZGW57N3;
				GENERATE_INFOPLIST_FILE = YES;
				IPHONEOS_DEPLOYMENT_TARGET = 16.0;
				MARKETING_VERSION = 1.0;
				PRODUCT_BUNDLE_IDENTIFIER = com.anthony.DogsTests;
				PRODUCT_NAME = "$(TARGET_NAME)";
				SWIFT_EMIT_LOC_STRINGS = NO;
				SWIFT_VERSION = 5.0;
				TARGETED_DEVICE_FAMILY = "1,2";
				TEST_HOST = "$(BUILT_PRODUCTS_DIR)/Dogs.app/$(BUNDLE_EXECUTABLE_FOLDER_PATH)/Dogs";
			};
			name = Debug;
		};
		E60AEF862927FAB2006A4B1C /* Release */ = {
			isa = XCBuildConfiguration;
			buildSettings = {
				ALWAYS_EMBED_SWIFT_STANDARD_LIBRARIES = YES;
				BUNDLE_LOADER = "$(TEST_HOST)";
				CODE_SIGN_STYLE = Automatic;
				CURRENT_PROJECT_VERSION = 1;
				DEVELOPMENT_TEAM = E3FZGW57N3;
				GENERATE_INFOPLIST_FILE = YES;
				IPHONEOS_DEPLOYMENT_TARGET = 16.0;
				MARKETING_VERSION = 1.0;
				PRODUCT_BUNDLE_IDENTIFIER = com.anthony.DogsTests;
				PRODUCT_NAME = "$(TARGET_NAME)";
				SWIFT_EMIT_LOC_STRINGS = NO;
				SWIFT_VERSION = 5.0;
				TARGETED_DEVICE_FAMILY = "1,2";
				TEST_HOST = "$(BUILT_PRODUCTS_DIR)/Dogs.app/$(BUNDLE_EXECUTABLE_FOLDER_PATH)/Dogs";
			};
			name = Release;
		};
		E60AEF882927FAB2006A4B1C /* Debug */ = {
			isa = XCBuildConfiguration;
			buildSettings = {
				ALWAYS_EMBED_SWIFT_STANDARD_LIBRARIES = YES;
				CODE_SIGN_STYLE = Automatic;
				CURRENT_PROJECT_VERSION = 1;
				DEVELOPMENT_TEAM = E3FZGW57N3;
				GENERATE_INFOPLIST_FILE = YES;
				MARKETING_VERSION = 1.0;
				PRODUCT_BUNDLE_IDENTIFIER = com.anthony.DogsUITests;
				PRODUCT_NAME = "$(TARGET_NAME)";
				SWIFT_EMIT_LOC_STRINGS = NO;
				SWIFT_VERSION = 5.0;
				TARGETED_DEVICE_FAMILY = "1,2";
				TEST_TARGET_NAME = Dogs;
			};
			name = Debug;
		};
		E60AEF892927FAB2006A4B1C /* Release */ = {
			isa = XCBuildConfiguration;
			buildSettings = {
				ALWAYS_EMBED_SWIFT_STANDARD_LIBRARIES = YES;
				CODE_SIGN_STYLE = Automatic;
				CURRENT_PROJECT_VERSION = 1;
				DEVELOPMENT_TEAM = E3FZGW57N3;
				GENERATE_INFOPLIST_FILE = YES;
				MARKETING_VERSION = 1.0;
				PRODUCT_BUNDLE_IDENTIFIER = com.anthony.DogsUITests;
				PRODUCT_NAME = "$(TARGET_NAME)";
				SWIFT_EMIT_LOC_STRINGS = NO;
				SWIFT_VERSION = 5.0;
				TARGETED_DEVICE_FAMILY = "1,2";
				TEST_TARGET_NAME = Dogs;
			};
			name = Release;
		};
/* End XCBuildConfiguration section */

/* Begin XCConfigurationList section */
		E60AEF522927FAAF006A4B1C /* Build configuration list for PBXProject "Dogs" */ = {
			isa = XCConfigurationList;
			buildConfigurations = (
				E60AEF7F2927FAB2006A4B1C /* Debug */,
				E60AEF802927FAB2006A4B1C /* Release */,
			);
			defaultConfigurationIsVisible = 0;
			defaultConfigurationName = Release;
		};
		E60AEF812927FAB2006A4B1C /* Build configuration list for PBXNativeTarget "Dogs" */ = {
			isa = XCConfigurationList;
			buildConfigurations = (
				E60AEF822927FAB2006A4B1C /* Debug */,
				E60AEF832927FAB2006A4B1C /* Release */,
			);
			defaultConfigurationIsVisible = 0;
			defaultConfigurationName = Release;
		};
		E60AEF842927FAB2006A4B1C /* Build configuration list for PBXNativeTarget "DogsTests" */ = {
			isa = XCConfigurationList;
			buildConfigurations = (
				E60AEF852927FAB2006A4B1C /* Debug */,
				E60AEF862927FAB2006A4B1C /* Release */,
			);
			defaultConfigurationIsVisible = 0;
			defaultConfigurationName = Release;
		};
		E60AEF872927FAB2006A4B1C /* Build configuration list for PBXNativeTarget "DogsUITests" */ = {
			isa = XCConfigurationList;
			buildConfigurations = (
				E60AEF882927FAB2006A4B1C /* Debug */,
				E60AEF892927FAB2006A4B1C /* Release */,
			);
			defaultConfigurationIsVisible = 0;
			defaultConfigurationName = Release;
		};
/* End XCConfigurationList section */
	};
	rootObject = E60AEF4F2927FAAF006A4B1C /* Project object */;
}
